
Microsoft Visual Studio Solution File, Format Version 11.00
# Visual Studio 2010
Project("{FAE04EC0-301F-11D3-BF4B-00C04F79EFBC}") = "SpacestationGame", "SpacestationGame\SpacestationGame\SpacestationGame.csproj", "{B2EA0681-9D28-473F-B10F-39DB75B75E23}"
EndProject
Project("{FAE04EC0-301F-11D3-BF4B-00C04F79EFBC}") = "SpacestationGameContent", "SpacestationGame\SpacestationGameContent\SpacestationGameContent.contentproj", "{0FB5D659-7BCC-4A6D-898A-E1BFD578F5FF}"
EndProject
Project("{FAE04EC0-301F-11D3-BF4B-00C04F79EFBC}") = "XMLMapLoader", "XMLMapLoader\XMLMapLoader.csproj", "{2F9405C3-F86A-4078-A93F-DA686BA91F27}"
EndProject
Project("{FAE04EC0-301F-11D3-BF4B-00C04F79EFBC}") = "SpacestationGameShared", "SpacestationGameShared\SpacestationGameShared.csproj", "{4ABA4088-ED6F-4321-9D24-E613A3A84558}"
EndProject
Global
	GlobalSection(SolutionConfigurationPlatforms) = preSolution
		Debug|Any CPU = Debug|Any CPU
		Debug|Mixed Platforms = Debug|Mixed Platforms
		Debug|x86 = Debug|x86
		Release|Any CPU = Release|Any CPU
		Release|Mixed Platforms = Release|Mixed Platforms
		Release|x86 = Release|x86
	EndGlobalSection
	GlobalSection(ProjectConfigurationPlatforms) = postSolution
		{B2EA0681-9D28-473F-B10F-39DB75B75E23}.Debug|Any CPU.ActiveCfg = Debug|x86
		{B2EA0681-9D28-473F-B10F-39DB75B75E23}.Debug|Mixed Platforms.ActiveCfg = Debug|x86
		{B2EA0681-9D28-473F-B10F-39DB75B75E23}.Debug|Mixed Platforms.Build.0 = Debug|x86
		{B2EA0681-9D28-473F-B10F-39DB75B75E23}.Debug|x86.ActiveCfg = Debug|x86
		{B2EA0681-9D28-473F-B10F-39DB75B75E23}.Debug|x86.Build.0 = Debug|x86
		{B2EA0681-9D28-473F-B10F-39DB75B75E23}.Release|Any CPU.ActiveCfg = Release|x86
		{B2EA0681-9D28-473F-B10F-39DB75B75E23}.Release|Mixed Platforms.ActiveCfg = Release|x86
		{B2EA0681-9D28-473F-B10F-39DB75B75E23}.Release|Mixed Platforms.Build.0 = Release|x86
		{B2EA0681-9D28-473F-B10F-39DB75B75E23}.Release|x86.ActiveCfg = Release|x86
		{B2EA0681-9D28-473F-B10F-39DB75B75E23}.Release|x86.Build.0 = Release|x86
		{0FB5D659-7BCC-4A6D-898A-E1BFD578F5FF}.Debug|Any CPU.ActiveCfg = Debug|x86
		{0FB5D659-7BCC-4A6D-898A-E1BFD578F5FF}.Debug|Mixed Platforms.ActiveCfg = Debug|x86
		{0FB5D659-7BCC-4A6D-898A-E1BFD578F5FF}.Debug|x86.ActiveCfg = Debug|x86
		{0FB5D659-7BCC-4A6D-898A-E1BFD578F5FF}.Release|Any CPU.ActiveCfg = Release|x86
		{0FB5D659-7BCC-4A6D-898A-E1BFD578F5FF}.Release|Mixed Platforms.ActiveCfg = Release|x86
		{0FB5D659-7BCC-4A6D-898A-E1BFD578F5FF}.Release|x86.ActiveCfg = Release|x86
		{2F9405C3-F86A-4078-A93F-DA686BA91F27}.Debug|Any CPU.ActiveCfg = Debug|x86
		{2F9405C3-F86A-4078-A93F-DA686BA91F27}.Debug|Mixed Platforms.ActiveCfg = Debug|x86
		{2F9405C3-F86A-4078-A93F-DA686BA91F27}.Debug|Mixed Platforms.Build.0 = Debug|x86
		{2F9405C3-F86A-4078-A93F-DA686BA91F27}.Debug|x86.ActiveCfg = Debug|x86
		{2F9405C3-F86A-4078-A93F-DA686BA91F27}.Debug|x86.Build.0 = Debug|x86
		{2F9405C3-F86A-4078-A93F-DA686BA91F27}.Release|Any CPU.ActiveCfg = Release|x86
		{2F9405C3-F86A-4078-A93F-DA686BA91F27}.Release|Mixed Platforms.ActiveCfg = Release|x86
		{2F9405C3-F86A-4078-A93F-DA686BA91F27}.Release|Mixed Platforms.Build.0 = Release|x86
		{2F9405C3-F86A-4078-A93F-DA686BA91F27}.Release|x86.ActiveCfg = Release|x86
		{2F9405C3-F86A-4078-A93F-DA686BA91F27}.Release|x86.Build.0 = Release|x86
		{4ABA4088-ED6F-4321-9D24-E613A3A84558}.Debug|Any CPU.ActiveCfg = Debug|Any CPU
		{4ABA4088-ED6F-4321-9D24-E613A3A84558}.Debug|Any CPU.Build.0 = Debug|Any CPU
		{4ABA4088-ED6F-4321-9D24-E613A3A84558}.Debug|Mixed Platforms.ActiveCfg = Debug|Any CPU
		{4ABA4088-ED6F-4321-9D24-E613A3A84558}.Debug|Mixed Platforms.Build.0 = Debug|Any CPU
		{4ABA4088-ED6F-4321-9D24-E613A3A84558}.Debug|x86.ActiveCfg = Debug|Any CPU
		{4ABA4088-ED6F-4321-9D24-E613A3A84558}.Release|Any CPU.ActiveCfg = Release|Any CPU
		{4ABA4088-ED6F-4321-9D24-E613A3A84558}.Release|Any CPU.Build.0 = Release|Any CPU
		{4ABA4088-ED6F-4321-9D24-E613A3A84558}.Release|Mixed Platforms.ActiveCfg = Release|Any CPU
		{4ABA4088-ED6F-4321-9D24-E613A3A84558}.Release|Mixed Platforms.Build.0 = Release|Any CPU
		{4ABA4088-ED6F-4321-9D24-E613A3A84558}.Release|x86.ActiveCfg = Release|Any CPU
	EndGlobalSection
	GlobalSection(SolutionProperties) = preSolution
		HideSolutionNode = FALSE
	EndGlobalSection
EndGlobal
